// !$*UTF8*$!
{
	archiveVersion = 1;
	classes = {
	};
	objectVersion = 48;
	objects = {

/* Begin PBXBuildFile section */
		09103BE21FC55AD400AACEC7 /* AppDelegate.m in Sources */ = {isa = PBXBuildFile; fileRef = 09103BE11FC55AD400AACEC7 /* AppDelegate.m */; };
		09103BE81FC55AD400AACEC7 /* Main.storyboard in Resources */ = {isa = PBXBuildFile; fileRef = 09103BE61FC55AD400AACEC7 /* Main.storyboard */; };
		09103BEA1FC55AD400AACEC7 /* Assets.xcassets in Resources */ = {isa = PBXBuildFile; fileRef = 09103BE91FC55AD400AACEC7 /* Assets.xcassets */; };
		09103BED1FC55AD400AACEC7 /* LaunchScreen.storyboard in Resources */ = {isa = PBXBuildFile; fileRef = 09103BEB1FC55AD400AACEC7 /* LaunchScreen.storyboard */; };
		09103BF01FC55AD400AACEC7 /* main.m in Sources */ = {isa = PBXBuildFile; fileRef = 09103BEF1FC55AD400AACEC7 /* main.m */; };
		09103BF81FC55BE400AACEC7 /* DTabBarController.m in Sources */ = {isa = PBXBuildFile; fileRef = 09103BF71FC55BE400AACEC7 /* DTabBarController.m */; };
		09103BFB1FC55C9400AACEC7 /* DLastViewController.m in Sources */ = {isa = PBXBuildFile; fileRef = 09103BFA1FC55C9400AACEC7 /* DLastViewController.m */; };
/* End PBXBuildFile section */

/* Begin PBXFileReference section */
		09103BDD1FC55AD400AACEC7 /* TabbarDemo.app */ = {isa = PBXFileReference; explicitFileType = wrapper.application; includeInIndex = 0; path = TabbarDemo.app; sourceTree = BUILT_PRODUCTS_DIR; };
		09103BE01FC55AD400AACEC7 /* AppDelegate.h */ = {isa = PBXFileReference; lastKnownFileType = sourcecode.c.h; path = AppDelegate.h; sourceTree = "<group>"; };
		09103BE11FC55AD400AACEC7 /* AppDelegate.m */ = {isa = PBXFileReference; lastKnownFileType = sourcecode.c.objc; path = AppDelegate.m; sourceTree = "<group>"; };
		09103BE71FC55AD400AACEC7 /* Base */ = {isa = PBXFileReference; lastKnownFileType = file.storyboard; name = Base; path = Base.lproj/Main.storyboard; sourceTree = "<group>"; };
		09103BE91FC55AD400AACEC7 /* Assets.xcassets */ = {isa = PBXFileReference; lastKnownFileType = folder.assetcatalog; path = Assets.xcassets; sourceTree = "<group>"; };
		09103BEC1FC55AD400AACEC7 /* Base */ = {isa = PBXFileReference; lastKnownFileType = file.storyboard; name = Base; path = Base.lproj/LaunchScreen.storyboard; sourceTree = "<group>"; };
		09103BEE1FC55AD400AACEC7 /* Info.plist */ = {isa = PBXFileReference; lastKnownFileType = text.plist.xml; path = Info.plist; sourceTree = "<group>"; };
		09103BEF1FC55AD400AACEC7 /* main.m */ = {isa = PBXFileReference; lastKnownFileType = sourcecode.c.objc; path = main.m; sourceTree = "<group>"; };
		09103BF61FC55BE400AACEC7 /* DTabBarController.h */ = {isa = PBXFileReference; lastKnownFileType = sourcecode.c.h; path = DTabBarController.h; sourceTree = "<group>"; };
		09103BF71FC55BE400AACEC7 /* DTabBarController.m */ = {isa = PBXFileReference; lastKnownFileType = sourcecode.c.objc; path = DTabBarController.m; sourceTree = "<group>"; };
		09103BF91FC55C9400AACEC7 /* DLastViewController.h */ = {isa = PBXFileReference; lastKnownFileType = sourcecode.c.h; path = DLastViewController.h; sourceTree = "<group>"; };
		09103BFA1FC55C9400AACEC7 /* DLastViewController.m */ = {isa = PBXFileReference; lastKnownFileType = sourcecode.c.objc; path = DLastViewController.m; sourceTree = "<group>"; };
/* End PBXFileReference section */

/* Begin PBXFrameworksBuildPhase section */
		09103BDA1FC55AD400AACEC7 /* Frameworks */ = {
			isa = PBXFrameworksBuildPhase;
			buildActionMask = 2147483647;
			files = (
			);
			runOnlyForDeploymentPostprocessing = 0;
		};
/* End PBXFrameworksBuildPhase section */

/* Begin PBXGroup section */
		09103BD41FC55AD400AACEC7 = {
			isa = PBXGroup;
			children = (
				09103BDF1FC55AD400AACEC7 /* TabbarDemo */,
				09103BDE1FC55AD400AACEC7 /* Products */,
			);
			sourceTree = "<group>";
		};
		09103BDE1FC55AD400AACEC7 /* Products */ = {
			isa = PBXGroup;
			children = (
				09103BDD1FC55AD400AACEC7 /* TabbarDemo.app */,
			);
			name = Products;
			sourceTree = "<group>";
		};
		09103BDF1FC55AD400AACEC7 /* TabbarDemo */ = {
			isa = PBXGroup;
			children = (
				09103BE01FC55AD400AACEC7 /* AppDelegate.h */,
				09103BE11FC55AD400AACEC7 /* AppDelegate.m */,
				09103BF61FC55BE400AACEC7 /* DTabBarController.h */,
				09103BF71FC55BE400AACEC7 /* DTabBarController.m */,
				09103BF91FC55C9400AACEC7 /* DLastViewController.h */,
				09103BFA1FC55C9400AACEC7 /* DLastViewController.m */,
				09103BE61FC55AD400AACEC7 /* Main.storyboard */,
				09103BE91FC55AD400AACEC7 /* Assets.xcassets */,
				09103BEB1FC55AD400AACEC7 /* LaunchScreen.storyboard */,
				09103BEE1FC55AD400AACEC7 /* Info.plist */,
				09103BEF1FC55AD400AACEC7 /* main.m */,
			);
			path = TabbarDemo;
			sourceTree = "<group>";
		};
/* End PBXGroup section */

/* Begin PBXNativeTarget section */
		09103BDC1FC55AD400AACEC7 /* TabbarDemo */ = {
			isa = PBXNativeTarget;
			buildConfigurationList = 09103BF31FC55AD400AACEC7 /* Build configuration list for PBXNativeTarget "TabbarDemo" */;
			buildPhases = (
				09103BD91FC55AD400AACEC7 /* Sources */,
				09103BDA1FC55AD400AACEC7 /* Frameworks */,
				09103BDB1FC55AD400AACEC7 /* Resources */,
			);
			buildRules = (
			);
			dependencies = (
			);
			name = TabbarDemo;
			productName = TabbarDemo;
			productReference = 09103BDD1FC55AD400AACEC7 /* TabbarDemo.app */;
			productType = "com.apple.product-type.application";
		};
/* End PBXNativeTarget section */

/* Begin PBXProject section */
		09103BD51FC55AD400AACEC7 /* Project object */ = {
			isa = PBXProject;
			attributes = {
				LastUpgradeCheck = 0900;
				ORGANIZATIONNAME = shengyangyu;
				TargetAttributes = {
					09103BDC1FC55AD400AACEC7 = {
						CreatedOnToolsVersion = 9.0;
						ProvisioningStyle = Automatic;
					};
				};
			};
			buildConfigurationList = 09103BD81FC55AD400AACEC7 /* Build configuration list for PBXProject "TabbarDemo" */;
			compatibilityVersion = "Xcode 8.0";
			developmentRegion = en;
			hasScannedForEncodings = 0;
			knownRegions = (
				en,
				Base,
			);
			mainGroup = 09103BD41FC55AD400AACEC7;
			productRefGroup = 09103BDE1FC55AD400AACEC7 /* Products */;
			projectDirPath = "";
			projectRoot = "";
			targets = (
				09103BDC1FC55AD400AACEC7 /* TabbarDemo */,
			);
		};
/* End PBXProject section */

/* Begin PBXResourcesBuildPhase section */
		09103BDB1FC55AD400AACEC7 /* Resources */ = {
			isa = PBXResourcesBuildPhase;
			buildActionMask = 2147483647;
			files = (
				09103BED1FC55AD400AACEC7 /* LaunchScreen.storyboard in Resources */,
				09103BEA1FC55AD400AACEC7 /* Assets.xcassets in Resources */,
				09103BE81FC55AD400AACEC7 /* Main.storyboard in Resources */,
			);
			runOnlyForDeploymentPostprocessing = 0;
		};
/* End PBXResourcesBuildPhase section */

/* Begin PBXSourcesBuildPhase section */
		09103BD91FC55AD400AACEC7 /* Sources */ = {
			isa = PBXSourcesBuildPhase;
			buildActionMask = 2147483647;
			files = (
				09103BF01FC55AD400AACEC7 /* main.m in Sources */,
				09103BF81FC55BE400AACEC7 /* DTabBarController.m in Sources */,
				09103BE21FC55AD400AACEC7 /* AppDelegate.m in Sources */,
				09103BFB1FC55C9400AACEC7 /* DLastViewController.m in Sources */,
			);
			runOnlyForDeploymentPostprocessing = 0;
		};
/* End PBXSourcesBuildPhase section */

/* Begin PBXVariantGroup section */
		09103BE61FC55AD400AACEC7 /* Main.storyboard */ = {
			isa = PBXVariantGroup;
			children = (
				09103BE71FC55AD400AACEC7 /* Base */,
			);
			name = Main.storyboard;
			sourceTree = "<group>";
		};
		09103BEB1FC55AD400AACEC7 /* LaunchScreen.storyboard */ = {
			isa = PBXVariantGroup;
			children = (
				09103BEC1FC55AD400AACEC7 /* Base */,
			);
			name = LaunchScreen.storyboard;
			sourceTree = "<group>";
		};
/* End PBXVariantGroup section */

/* Begin XCBuildConfiguration section */
		09103BF11FC55AD400AACEC7 /* Debug */ = {
			isa = XCBuildConfiguration;
			buildSettings = {
				ALWAYS_SEARCH_USER_PATHS = NO;
				CLANG_ANALYZER_NONNULL = YES;
				CLANG_ANALYZER_NUMBER_OBJECT_CONVERSION = YES_AGGRESSIVE;
				CLANG_CXX_LANGUAGE_STANDARD = "gnu++14";
				CLANG_CXX_LIBRARY = "libc++";
				CLANG_ENABLE_MODULES = YES;
				CLANG_ENABLE_OBJC_ARC = YES;
				CLANG_WARN_BLOCK_CAPTURE_AUTORELEASING = YES;
				CLANG_WARN_BOOL_CONVERSION = YES;
				CLANG_WARN_COMMA = YES;
				CLANG_WARN_CONSTANT_CONVERSION = YES;
				CLANG_WARN_DIRECT_OBJC_ISA_USAGE = YES_ERROR;
				CLANG_WARN_DOCUMENTATION_COMMENTS = YES;
				CLANG_WARN_EMPTY_BODY = YES;
				CLANG_WARN_ENUM_CONVERSION = YES;
				CLANG_WARN_INFINITE_RECURSION = YES;
				CLANG_WARN_INT_CONVERSION = YES;
				CLANG_WARN_NON_LITERAL_NULL_CONVERSION = YES;
				CLANG_WARN_OBJC_LITERAL_CONVERSION = YES;
				CLANG_WARN_OBJC_ROOT_CLASS = YES_ERROR;
				CLANG_WARN_RANGE_LOOP_ANALYSIS = YES;
				CLANG_WARN_STRICT_PROTOTYPES = YES;
				CLANG_WARN_SUSPICIOUS_MOVE = YES;
				CLANG_WARN_UNGUARDED_AVAILABILITY = YES_AGGRESSIVE;
				CLANG_WARN_UNREACHABLE_CODE = YES;
				CLANG_WARN__DUPLICATE_METHOD_MATCH = YES;
				CODE_SIGN_IDENTITY = "iPhone Developer";
				COPY_PHASE_STRIP = NO;
				DEBUG_INFORMATION_FORMAT = dwarf;
				ENABLE_STRICT_OBJC_MSGSEND = YES;
				ENABLE_TESTABILITY = YES;
				GCC_C_LANGUAGE_STANDARD = gnu11;
				GCC_DYNAMIC_NO_PIC = NO;
				GCC_NO_COMMON_BLOCKS = YES;
				GCC_OPTIMIZATION_LEVEL = 0;
				GCC_PREPROCESSOR_DEFINITIONS = (
					"DEBUG=1",
					"$(inherited)",
				);
				GCC_WARN_64_TO_32_BIT_CONVERSION = YES;
				GCC_WARN_ABOUT_RETURN_TYPE = YES_ERROR;
				GCC_WARN_UNDECLARED_SELECTOR = YES;
				GCC_WARN_UNINITIALIZED_AUTOS = YES_AGGRESSIVE;
				GCC_WARN_UNUSED_FUNCTION = YES;
				GCC_WARN_UNUSED_VARIABLE = YES;
				IPHONEOS_DEPLOYMENT_TARGET = 11.0;
				MTL_ENABLE_DEBUG_INFO = YES;
				ONLY_ACTIVE_ARCH = YES;
				SDKROOT = iphoneos;
			};
			name = Debug;
		};
		09103BF21FC55AD400AACEC7 /* Release */ = {
			isa = XCBuildConfiguration;
			buildSettings = {
				ALWAYS_SEARCH_USER_PATHS = NO;
				CLANG_ANALYZER_NONNULL = YES;
				CLANG_ANALYZER_NUMBER_OBJECT_CONVERSION = YES_AGGRESSIVE;
				CLANG_CXX_LANGUAGE_STANDARD = "gnu++14";
				CLANG_CXX_LIBRARY = "libc++";
				CLANG_ENABLE_MODULES = YES;
				CLANG_ENABLE_OBJC_ARC = YES;
				CLANG_WARN_BLOCK_CAPTURE_AUTORELEASING = YES;
				CLANG_WARN_BOOL_CONVERSION = YES;
				CLANG_WARN_COMMA = YES;
				CLANG_WARN_CONSTANT_CONVERSION = YES;
				CLANG_WARN_DIRECT_OBJC_ISA_USAGE = YES_ERROR;
				CLANG_WARN_DOCUMENTATION_COMMENTS = YES;
				CLANG_WARN_EMPTY_BODY = YES;
				CLANG_WARN_ENUM_CONVERSION = YES;
				CLANG_WARN_INFINITE_RECURSION = YES;
				CLANG_WARN_INT_CONVERSION = YES;
				CLANG_WARN_NON_LITERAL_NULL_CONVERSION = YES;
				CLANG_WARN_OBJC_LITERAL_CONVERSION = YES;
				CLANG_WARN_OBJC_ROOT_CLASS = YES_ERROR;
				CLANG_WARN_RANGE_LOOP_ANALYSIS = YES;
				CLANG_WARN_STRICT_PROTOTYPES = YES;
				CLANG_WARN_SUSPICIOUS_MOVE = YES;
				CLANG_WARN_UNGUARDED_AVAILABILITY = YES_AGGRESSIVE;
				CLANG_WARN_UNREACHABLE_CODE = YES;
				CLANG_WARN__DUPLICATE_METHOD_MATCH = YES;
				CODE_SIGN_IDENTITY = "iPhone Developer";
				COPY_PHASE_STRIP = NO;
				DEBUG_INFORMATION_FORMAT = "dwarf-with-dsym";
				ENABLE_NS_ASSERTIONS = NO;
				ENABLE_STRICT_OBJC_MSGSEND = YES;
				GCC_C_LANGUAGE_STANDARD = gnu11;
				GCC_NO_COMMON_BLOCKS = YES;
				GCC_WARN_64_TO_32_BIT_CONVERSION = YES;
				GCC_WARN_ABOUT_RETURN_TYPE = YES_ERROR;
				GCC_WARN_UNDECLARED_SELECTOR = YES;
				GCC_WARN_UNINITIALIZED_AUTOS = YES_AGGRESSIVE;
				GCC_WARN_UNUSED_FUNCTION = YES;
				GCC_WARN_UNUSED_VARIABLE = YES;
				IPHONEOS_DEPLOYMENT_TARGET = 11.0;
				MTL_ENABLE_DEBUG_INFO = NO;
				SDKROOT = iphoneos;
				VALIDATE_PRODUCT = YES;
			};
			name = Release;
		};
		09103BF41FC55AD400AACEC7 /* Debug */ = {
			isa = XCBuildConfiguration;
			buildSettings = {
				ASSETCATALOG_COMPILER_APPICON_NAME = AppIcon;
				"CODE_SIGN_IDENTITY[sdk=iphoneos*]" = "iPhone Developer";
				CODE_SIGN_STYLE = Automatic;
				DEVELOPMENT_TEAM = Z2K494VF76;
				INFOPLIST_FILE = TabbarDemo/Info.plist;
				IPHONEOS_DEPLOYMENT_TARGET = 9.0;
				LD_RUNPATH_SEARCH_PATHS = "$(inherited) @executable_path/Frameworks";
				PRODUCT_BUNDLE_IDENTIFIER = "com.fdzq.ForthrightSecurities-Dev2";
				PRODUCT_NAME = "$(TARGET_NAME)";
				PROVISIONING_PROFILE_SPECIFIER = "";
				TARGETED_DEVICE_FAMILY = "1,2";
			};
			name = Debug;
		};
		09103BF51FC55AD400AACEC7 /* Release */ = {
			isa = XCBuildConfiguration;
			buildSettings = {
				ASSETCATALOG_COMPILER_APPICON_NAME = AppIcon;
				"CODE_SIGN_IDENTITY[sdk=iphoneos*]" = "iPhone Developer";
				CODE_SIGN_STYLE = Automatic;
				DEVELOPMENT_TEAM = Z2K494VF76;
				INFOPLIST_FILE = TabbarDemo/Info.plist;
				IPHONEOS_DEPLOYMENT_TARGET = 9.0;
				LD_RUNPATH_SEARCH_PATHS = "$(inherited) @executable_path/Frameworks";
				PRODUCT_BUNDLE_IDENTIFIER = "com.fdzq.ForthrightSecurities-Dev2";
				PRODUCT_NAME = "$(TARGET_NAME)";
				PROVISIONING_PROFILE_SPECIFIER = "";
				TARGETED_DEVICE_FAMILY = "1,2";
			};
			name = Release;
		};
/* End XCBuildConfiguration section */

/* Begin XCConfigurationList section */
		09103BD81FC55AD400AACEC7 /* Build configuration list for PBXProject "TabbarDemo" */ = {
			isa = XCConfigurationList;
			buildConfigurations = (
				09103BF11FC55AD400AACEC7 /* Debug */,
				09103BF21FC55AD400AACEC7 /* Release */,
			);
			defaultConfigurationIsVisible = 0;
			defaultConfigurationName = Release;
		};
		09103BF31FC55AD400AACEC7 /* Build configuration list for PBXNativeTarget "TabbarDemo" */ = {
			isa = XCConfigurationList;
			buildConfigurations = (
				09103BF41FC55AD400AACEC7 /* Debug */,
				09103BF51FC55AD400AACEC7 /* Release */,
			);
			defaultConfigurationIsVisible = 0;
			defaultConfigurationName = Release;
		};
/* End XCConfigurationList section */
	};
	rootObject = 09103BD51FC55AD400AACEC7 /* Project object */;
}
